
Microsoft Visual Studio Solution File, Format Version 12.00
# Visual Studio 15
VisualStudioVersion = 15.0.27130.2027
MinimumVisualStudioVersion = 10.0.40219.1
Project("{FAE04EC0-301F-11D3-BF4B-00C04F79EFBC}") = "Handshakes.Api.Report", "Handshakes.Api.Report\Handshakes.Api.Report.csproj", "{EF555B1D-023C-4687-80A8-1FB7F47C2AA8}"
EndProject
Global
	GlobalSection(SolutionConfigurationPlatforms) = preSolution
		Debug|Any CPU = Debug|Any CPU
		Release|Any CPU = Release|Any CPU
	EndGlobalSection
	GlobalSection(ProjectConfigurationPlatforms) = postSolution
		{EF555B1D-023C-4687-80A8-1FB7F47C2AA8}.Debug|Any CPU.ActiveCfg = Debug|Any CPU
		{EF555B1D-023C-4687-80A8-1FB7F47C2AA8}.Debug|Any CPU.Build.0 = Debug|Any CPU
		{EF555B1D-023C-4687-80A8-1FB7F47C2AA8}.Release|Any CPU.ActiveCfg = Release|Any CPU
		{EF555B1D-023C-4687-80A8-1FB7F47C2AA8}.Release|Any CPU.Build.0 = Release|Any CPU
	EndGlobalSection
	GlobalSection(SolutionProperties) = preSolution
		HideSolutionNode = FALSE
	EndGlobalSection
	GlobalSection(ExtensibilityGlobals) = postSolution
		SolutionGuid = {ED9C8E6C-DD20-4DA2-AAD8-A65E14DF8CCB}
	EndGlobalSection
EndGlobal
